// !$*UTF8*$!
{
	archiveVersion = 1;
	classes = {
	};
	objectVersion = 46;
	objects = {

/* Begin PBXAggregateTarget section */
		9878A35F03FF764621B55C5F /* VibratoPlugin - All */ = {
			isa = PBXAggregateTarget;
			buildConfigurationList = 9129E68948338919FBBCC757 /* Build configuration list for PBXAggregateTarget "VibratoPlugin - All" */;
			buildPhases = (
			);
			dependencies = (
				F3708B751CC605454ED23AFF /* PBXTargetDependency */,
				5278DE2AF3BF1631E15CEFF5 /* PBXTargetDependency */,
				40FE66E6AFCE03B02F6C85BA /* PBXTargetDependency */,
				E77A42172FA9120008BF41C1 /* PBXTargetDependency */,
			);
			name = "VibratoPlugin - All";
			productName = VibratoPlugin;
		};
/* End PBXAggregateTarget section */

/* Begin PBXBuildFile section */
		01DC47A8DFC5C7C7BE85A96D /* include_juce_audio_plugin_client_Standalone.cpp in Sources */ = {isa = PBXBuildFile; fileRef = 188160BE42B976AA8A587975 /* include_juce_audio_plugin_client_Standalone.cpp */; };
		02C231CABDA41174F8FDF020 /* include_juce_audio_basics.mm in Sources */ = {isa = PBXBuildFile; fileRef = BA708C0E7BD82A45316F718C /* include_juce_audio_basics.mm */; };
		12DD3D7DF67E7083C4C865AA /* include_juce_audio_devices.mm in Sources */ = {isa = PBXBuildFile; fileRef = 1809B73B6835059BB3359AF0 /* include_juce_audio_devices.mm */; };
		17CBC0B9D804A9E157A220E7 /* AVFoundation.framework in Frameworks */ = {isa = PBXBuildFile; fileRef = 4EEE5F137BA60EF7471670BA /* AVFoundation.framework */; };
		1836438161C712C7FA3CC586 /* CoreAudioKit.framework in Frameworks */ = {isa = PBXBuildFile; fileRef = 1A7630870390EDC6A4076F41 /* CoreAudioKit.framework */; };
		1CEC5830642C39202ED18F60 /* include_juce_graphics.mm in Sources */ = {isa = PBXBuildFile; fileRef = 03862A8FD90B6EAE2C2F25D9 /* include_juce_graphics.mm */; };
		29BE37031E2FCB6989C9D8AF /* OpenGL.framework in Frameworks */ = {isa = PBXBuildFile; fileRef = 70D096110C74B98E092FB4E7 /* OpenGL.framework */; };
		2EDEEA65EE84795A25CC3AA0 /* AudioToolbox.framework in Frameworks */ = {isa = PBXBuildFile; fileRef = 672A69E1A79C2A7E61BBED01 /* AudioToolbox.framework */; };
		3385AE517293E4B341565033 /* include_juce_cryptography.mm in Sources */ = {isa = PBXBuildFile; fileRef = FDAD3C6B8EA9E0F8717B5A74 /* include_juce_cryptography.mm */; };
		3493B22168230080FCBCA5C7 /* include_juce_gui_basics.mm in Sources */ = {isa = PBXBuildFile; fileRef = 5DDA0C02570789313E16B33E /* include_juce_gui_basics.mm */; };
		37C295425997A27E1EF4BCCE /* Cocoa.framework in Frameworks */ = {isa = PBXBuildFile; fileRef = E0C599FCD717E6A3F4887256 /* Cocoa.framework */; };
		41F319418CC6935D49B745BB /* include_juce_audio_formats.mm in Sources */ = {isa = PBXBuildFile; fileRef = 4A186C995C2D20BE9C7B7A3A /* include_juce_audio_formats.mm */; };
		44C0FF822073FFB100B2D208 /* RecentFilesMenuTemplate.nib in Resources */ = {isa = PBXBuildFile; fileRef = 4EDB6741510FE276254EB0C3 /* RecentFilesMenuTemplate.nib */; };
		44C0FF832073FFB100B2D208 /* Accelerate.framework in Frameworks */ = {isa = PBXBuildFile; fileRef = F9F233BFB4AC6B718508DFD1 /* Accelerate.framework */; };
		44C0FF842073FFB100B2D208 /* AudioToolbox.framework in Frameworks */ = {isa = PBXBuildFile; fileRef = 672A69E1A79C2A7E61BBED01 /* AudioToolbox.framework */; };
		44C0FF852073FFB100B2D208 /* AVFoundation.framework in Frameworks */ = {isa = PBXBuildFile; fileRef = 4EEE5F137BA60EF7471670BA /* AVFoundation.framework */; };
		44C0FF862073FFB100B2D208 /* AVKit.framework in Frameworks */ = {isa = PBXBuildFile; fileRef = 5EDB7DF69A10B5C6A6E878F0 /* AVKit.framework */; };
		44C0FF872073FFB100B2D208 /* Carbon.framework in Frameworks */ = {isa = PBXBuildFile; fileRef = 0EC248C16BAEF283A3C290F9 /* Carbon.framework */; };
		44C0FF882073FFB100B2D208 /* Cocoa.framework in Frameworks */ = {isa = PBXBuildFile; fileRef = E0C599FCD717E6A3F4887256 /* Cocoa.framework */; };
		44C0FF892073FFB100B2D208 /* CoreAudio.framework in Frameworks */ = {isa = PBXBuildFile; fileRef = 377770955BA5EE11EA8B6C8D /* CoreAudio.framework */; };
		44C0FF8A2073FFB100B2D208 /* CoreMedia.framework in Frameworks */ = {isa = PBXBuildFile; fileRef = 18BDBB8A7F97CE1416F1D2A7 /* CoreMedia.framework */; };
		44C0FF8B2073FFB100B2D208 /* CoreMIDI.framework in Frameworks */ = {isa = PBXBuildFile; fileRef = D2CA26EA45BEAF1FE0621E7B /* CoreMIDI.framework */; };
		44C0FF8C2073FFB100B2D208 /* DiscRecording.framework in Frameworks */ = {isa = PBXBuildFile; fileRef = 7872FB8143FD96B468F045E6 /* DiscRecording.framework */; };
		44C0FF8D2073FFB100B2D208 /* IOKit.framework in Frameworks */ = {isa = PBXBuildFile; fileRef = 8F6346C2C497B2C8E0D5C87C /* IOKit.framework */; };
		44C0FF8E2073FFB100B2D208 /* OpenGL.framework in Frameworks */ = {isa = PBXBuildFile; fileRef = 70D096110C74B98E092FB4E7 /* OpenGL.framework */; };
		44C0FF8F2073FFB100B2D208 /* QuartzCore.framework in Frameworks */ = {isa = PBXBuildFile; fileRef = 0199E370C0F6DBFBE60537D6 /* QuartzCore.framework */; };
		44C0FF902073FFB100B2D208 /* WebKit.framework in Frameworks */ = {isa = PBXBuildFile; fileRef = B6220593602EB0B1D434159F /* WebKit.framework */; };
		44C0FF912073FFB100B2D208 /* RecentFilesMenuTemplate.nib in Resources */ = {isa = PBXBuildFile; fileRef = 4EDB6741510FE276254EB0C3 /* RecentFilesMenuTemplate.nib */; };
		44C0FF922073FFB100B2D208 /* Accelerate.framework in Frameworks */ = {isa = PBXBuildFile; fileRef = F9F233BFB4AC6B718508DFD1 /* Accelerate.framework */; };
		44C0FF932073FFB100B2D208 /* AudioToolbox.framework in Frameworks */ = {isa = PBXBuildFile; fileRef = 672A69E1A79C2A7E61BBED01 /* AudioToolbox.framework */; };
		44C0FF942073FFB100B2D208 /* AVFoundation.framework in Frameworks */ = {isa = PBXBuildFile; fileRef = 4EEE5F137BA60EF7471670BA /* AVFoundation.framework */; };
		44C0FF952073FFB100B2D208 /* AVKit.framework in Frameworks */ = {isa = PBXBuildFile; fileRef = 5EDB7DF69A10B5C6A6E878F0 /* AVKit.framework */; };
		44C0FF962073FFB100B2D208 /* Carbon.framework in Frameworks */ = {isa = PBXBuildFile; fileRef = 0EC248C16BAEF283A3C290F9 /* Carbon.framework */; };
		44C0FF972073FFB100B2D208 /* Cocoa.framework in Frameworks */ = {isa = PBXBuildFile; fileRef = E0C599FCD717E6A3F4887256 /* Cocoa.framework */; };
		44C0FF982073FFB100B2D208 /* CoreAudio.framework in Frameworks */ = {isa = PBXBuildFile; fileRef = 377770955BA5EE11EA8B6C8D /* CoreAudio.framework */; };
		44C0FF992073FFB100B2D208 /* CoreMedia.framework in Frameworks */ = {isa = PBXBuildFile; fileRef = 18BDBB8A7F97CE1416F1D2A7 /* CoreMedia.framework */; };
		44C0FF9A2073FFB100B2D208 /* CoreMIDI.framework in Frameworks */ = {isa = PBXBuildFile; fileRef = D2CA26EA45BEAF1FE0621E7B /* CoreMIDI.framework */; };
		44C0FF9B2073FFB100B2D208 /* DiscRecording.framework in Frameworks */ = {isa = PBXBuildFile; fileRef = 7872FB8143FD96B468F045E6 /* DiscRecording.framework */; };
		44C0FF9C2073FFB100B2D208 /* IOKit.framework in Frameworks */ = {isa = PBXBuildFile; fileRef = 8F6346C2C497B2C8E0D5C87C /* IOKit.framework */; };
		44C0FF9D2073FFB100B2D208 /* OpenGL.framework in Frameworks */ = {isa = PBXBuildFile; fileRef = 70D096110C74B98E092FB4E7 /* OpenGL.framework */; };
		44C0FF9E2073FFB100B2D208 /* QuartzCore.framework in Frameworks */ = {isa = PBXBuildFile; fileRef = 0199E370C0F6DBFBE60537D6 /* QuartzCore.framework */; };
		44C0FF9F2073FFB100B2D208 /* WebKit.framework in Frameworks */ = {isa = PBXBuildFile; fileRef = B6220593602EB0B1D434159F /* WebKit.framework */; };
		5574824163C11C2AD726C237 /* include_juce_data_structures.mm in Sources */ = {isa = PBXBuildFile; fileRef = B2F539D1D843795B0E7A16E9 /* include_juce_data_structures.mm */; };
		61B0D100504B8EFE8E9933E9 /* CoreMedia.framework in Frameworks */ = {isa = PBXBuildFile; fileRef = 18BDBB8A7F97CE1416F1D2A7 /* CoreMedia.framework */; };
		66461A29EC1D1F85ABD7C951 /* include_juce_core.mm in Sources */ = {isa = PBXBuildFile; fileRef = FF8C6588C20FAA68BC0F4720 /* include_juce_core.mm */; };
		78D8B33EFC7C251278E50483 /* CoreAudio.framework in Frameworks */ = {isa = PBXBuildFile; fileRef = 377770955BA5EE11EA8B6C8D /* CoreAudio.framework */; };
		7A6AEE43E7EADA56FD3DD621 /* include_juce_audio_plugin_client_VST_utils.mm in Sources */ = {isa = PBXBuildFile; fileRef = 28145AD12E1144A3FA450E20 /* include_juce_audio_plugin_client_VST_utils.mm */; };
		7E2E50BA3FDA769961647FB6 /* AudioUnit.framework in Frameworks */ = {isa = PBXBuildFile; fileRef = DD9D1681637C86F800EF936C /* AudioUnit.framework */; };
		7F3776E090D861BB28387247 /* AVKit.framework in Frameworks */ = {isa = PBXBuildFile; fileRef = 5EDB7DF69A10B5C6A6E878F0 /* AVKit.framework */; };
		7F9E999EF4B0027C59BA8F56 /* include_juce_audio_plugin_client_AU_2.mm in Sources */ = {isa = PBXBuildFile; fileRef = 5FE2F3BE2C6DFA984F5EF285 /* include_juce_audio_plugin_client_AU_2.mm */; };
		81F0829219DBE17581687817 /* include_juce_opengl.mm in Sources */ = {isa = PBXBuildFile; fileRef = 74820350F7985AB237E96AC2 /* include_juce_opengl.mm */; };
		848C6D754FE963F5311D6246 /* Vibrato.cpp in Sources */ = {isa = PBXBuildFile; fileRef = 24FF1BFEDFF167814CA85960 /* Vibrato.cpp */; };
		851DE2D2566A64D6C86B30E9 /* PluginProcessor.cpp in Sources */ = {isa = PBXBuildFile; fileRef = 155948C5F09C267B09EF3C77 /* PluginProcessor.cpp */; };
		9395B7D22E018398517C6850 /* WebKit.framework in Frameworks */ = {isa = PBXBuildFile; fileRef = B6220593602EB0B1D434159F /* WebKit.framework */; };
		9657A10D2F79060C351915A3 /* DiscRecording.framework in Frameworks */ = {isa = PBXBuildFile; fileRef = 7872FB8143FD96B468F045E6 /* DiscRecording.framework */; };
		9F55582DF8932FA714C6B8E9 /* Accelerate.framework in Frameworks */ = {isa = PBXBuildFile; fileRef = F9F233BFB4AC6B718508DFD1 /* Accelerate.framework */; };
		A206D782C08BF60061A643F9 /* include_juce_audio_utils.mm in Sources */ = {isa = PBXBuildFile; fileRef = A7BAB2C26804FDDEE493D43D /* include_juce_audio_utils.mm */; };
		AAD8D185717AB5CBF125414E /* include_juce_video.mm in Sources */ = {isa = PBXBuildFile; fileRef = 8C43D13599C17175EBA0C356 /* include_juce_video.mm */; };
		B44F13B6DE934586728A1AC9 /* CoreMIDI.framework in Frameworks */ = {isa = PBXBuildFile; fileRef = D2CA26EA45BEAF1FE0621E7B /* CoreMIDI.framework */; };
		CD567C0EAD513FA29D2BE4D0 /* include_juce_audio_plugin_client_AU.r in Rez */ = {isa = PBXBuildFile; fileRef = DEE55819ACE8AF0378E66877 /* include_juce_audio_plugin_client_AU.r */; };
		CD5CADF0F0C94117921639E5 /* Carbon.framework in Frameworks */ = {isa = PBXBuildFile; fileRef = 0EC248C16BAEF283A3C290F9 /* Carbon.framework */; };
		D478E46E20FDB17C797E0752 /* include_juce_audio_plugin_client_utils.cpp in Sources */ = {isa = PBXBuildFile; fileRef = 63DBB39C82C45E655C996E63 /* include_juce_audio_plugin_client_utils.cpp */; };
		D4E3E83FB75CBE1FE58D7DBC /* PluginEditor.cpp in Sources */ = {isa = PBXBuildFile; fileRef = DB3ED1776FF8CDB99BD7D1B0 /* PluginEditor.cpp */; };
		D59C3BBBBD1B9958C46AFDAC /* include_juce_audio_plugin_client_AU_1.mm in Sources */ = {isa = PBXBuildFile; fileRef = 22285CBBC000A623AE9489F4 /* include_juce_audio_plugin_client_AU_1.mm */; };
		DF9B5E6EF1BE43A54F34B1B8 /* QuartzCore.framework in Frameworks */ = {isa = PBXBuildFile; fileRef = 0199E370C0F6DBFBE60537D6 /* QuartzCore.framework */; };
		E7D057AD140A53ECFB841546 /* RecentFilesMenuTemplate.nib in Resources */ = {isa = PBXBuildFile; fileRef = 4EDB6741510FE276254EB0C3 /* RecentFilesMenuTemplate.nib */; };
		E87209F0C12552427714E5F1 /* include_juce_events.mm in Sources */ = {isa = PBXBuildFile; fileRef = B4EC449809DCF617D1B7226B /* include_juce_events.mm */; };
		EBBA7164B972E4AD1FC97DDC /* IOKit.framework in Frameworks */ = {isa = PBXBuildFile; fileRef = 8F6346C2C497B2C8E0D5C87C /* IOKit.framework */; };
		F16DF5325DE7C3F8F9A4A577 /* include_juce_audio_processors.mm in Sources */ = {isa = PBXBuildFile; fileRef = A77B490D3321231144B62DFE /* include_juce_audio_processors.mm */; };
		F911C07A424DF3596E29DB80 /* include_juce_gui_extra.mm in Sources */ = {isa = PBXBuildFile; fileRef = F800839F3321D7C6FEB783C3 /* include_juce_gui_extra.mm */; };
		F9E925D1849B446183A2DB1A /* include_juce_audio_plugin_client_VST2.cpp in Sources */ = {isa = PBXBuildFile; fileRef = 2BE641F77E9D8FC9CEFFF4AD /* include_juce_audio_plugin_client_VST2.cpp */; };
/* End PBXBuildFile section */

/* Begin PBXContainerItemProxy section */
		44C0FFA02073FFB400B2D208 /* PBXContainerItemProxy */ = {
			isa = PBXContainerItemProxy;
			containerPortal = 157965761F6D7C8FE068909D /* Project object */;
			proxyType = 1;
			remoteGlobalIDString = 8AB2E1F6B56A40B98F35B2BC;
			remoteInfo = "VibratoPlugin - VST";
		};
		44C0FFA12073FFB400B2D208 /* PBXContainerItemProxy */ = {
			isa = PBXContainerItemProxy;
			containerPortal = 157965761F6D7C8FE068909D /* Project object */;
			proxyType = 1;
			remoteGlobalIDString = 1EA57500BEACC9C6F77D6AD2;
			remoteInfo = "VibratoPlugin - Shared Code";
		};
		44C0FFA22073FFB400B2D208 /* PBXContainerItemProxy */ = {
			isa = PBXContainerItemProxy;
			containerPortal = 157965761F6D7C8FE068909D /* Project object */;
			proxyType = 1;
			remoteGlobalIDString = 94923EF4E23FDB7C2FC7B212;
			remoteInfo = "VibratoPlugin - AU";
		};
		44C0FFA32073FFB400B2D208 /* PBXContainerItemProxy */ = {
			isa = PBXContainerItemProxy;
			containerPortal = 157965761F6D7C8FE068909D /* Project object */;
			proxyType = 1;
			remoteGlobalIDString = 95DE47CA5ADB885B0FE32CB8;
			remoteInfo = "VibratoPlugin - Standalone Plugin";
		};
/* End PBXContainerItemProxy section */

/* Begin PBXFileReference section */
		0199E370C0F6DBFBE60537D6 /* QuartzCore.framework */ = {isa = PBXFileReference; lastKnownFileType = wrapper.framework; name = QuartzCore.framework; path = System/Library/Frameworks/QuartzCore.framework; sourceTree = SDKROOT; };
		02AAE0DB6A1E57EBF499D13C /* juce_events */ = {isa = PBXFileReference; lastKnownFileType = folder; name = juce_events; path = /Users/liuhanyu1030/Documents/JUCE/modules/juce_events; sourceTree = "<absolute>"; };
		03862A8FD90B6EAE2C2F25D9 /* include_juce_graphics.mm */ = {isa = PBXFileReference; lastKnownFileType = sourcecode.cpp.objcpp; name = include_juce_graphics.mm; path = ../../JuceLibraryCode/include_juce_graphics.mm; sourceTree = SOURCE_ROOT; };
		0B85F1B299C6BDC420B7F52C /* JuceHeader.h */ = {isa = PBXFileReference; lastKnownFileType = sourcecode.c.h; name = JuceHeader.h; path = ../../JuceLibraryCode/JuceHeader.h; sourceTree = SOURCE_ROOT; };
		0EC248C16BAEF283A3C290F9 /* Carbon.framework */ = {isa = PBXFileReference; lastKnownFileType = wrapper.framework; name = Carbon.framework; path = System/Library/Frameworks/Carbon.framework; sourceTree = SDKROOT; };
		13E4486A7790C75572B18172 /* juce_gui_extra */ = {isa = PBXFileReference; lastKnownFileType = folder; name = juce_gui_extra; path = /Users/liuhanyu1030/Documents/JUCE/modules/juce_gui_extra; sourceTree = "<absolute>"; };
		155948C5F09C267B09EF3C77 /* PluginProcessor.cpp */ = {isa = PBXFileReference; lastKnownFileType = sourcecode.cpp.cpp; name = PluginProcessor.cpp; path = ../../Source/PluginProcessor.cpp; sourceTree = SOURCE_ROOT; };
		1809B73B6835059BB3359AF0 /* include_juce_audio_devices.mm */ = {isa = PBXFileReference; lastKnownFileType = sourcecode.cpp.objcpp; name = include_juce_audio_devices.mm; path = ../../JuceLibraryCode/include_juce_audio_devices.mm; sourceTree = SOURCE_ROOT; };
		188160BE42B976AA8A587975 /* include_juce_audio_plugin_client_Standalone.cpp */ = {isa = PBXFileReference; lastKnownFileType = sourcecode.cpp.cpp; name = include_juce_audio_plugin_client_Standalone.cpp; path = ../../JuceLibraryCode/include_juce_audio_plugin_client_Standalone.cpp; sourceTree = SOURCE_ROOT; };
		18BDBB8A7F97CE1416F1D2A7 /* CoreMedia.framework */ = {isa = PBXFileReference; lastKnownFileType = wrapper.framework; name = CoreMedia.framework; path = System/Library/Frameworks/CoreMedia.framework; sourceTree = SDKROOT; };
		19455EF568A4D48E060B9E6C /* juce_gui_basics */ = {isa = PBXFileReference; lastKnownFileType = folder; name = juce_gui_basics; path = /Users/liuhanyu1030/Documents/JUCE/modules/juce_gui_basics; sourceTree = "<absolute>"; };
		1A3FA658992A446F7318CDEE /* juce_audio_devices */ = {isa = PBXFileReference; lastKnownFileType = folder; name = juce_audio_devices; path = /Users/liuhanyu1030/Documents/JUCE/modules/juce_audio_devices; sourceTree = "<absolute>"; };
		1A7630870390EDC6A4076F41 /* CoreAudioKit.framework */ = {isa = PBXFileReference; lastKnownFileType = wrapper.framework; name = CoreAudioKit.framework; path = System/Library/Frameworks/CoreAudioKit.framework; sourceTree = SDKROOT; };
		22285CBBC000A623AE9489F4 /* include_juce_audio_plugin_client_AU_1.mm */ = {isa = PBXFileReference; lastKnownFileType = sourcecode.cpp.objcpp; name = include_juce_audio_plugin_client_AU_1.mm; path = ../../JuceLibraryCode/include_juce_audio_plugin_client_AU_1.mm; sourceTree = SOURCE_ROOT; };
		23052A17250164D98977B0E9 /* PluginEditor.h */ = {isa = PBXFileReference; lastKnownFileType = sourcecode.c.h; name = PluginEditor.h; path = ../../Source/PluginEditor.h; sourceTree = SOURCE_ROOT; };
		244E54F23BD87FCC7D0525F6 /* PluginProcessor.h */ = {isa = PBXFileReference; lastKnownFileType = sourcecode.c.h; name = PluginProcessor.h; path = ../../Source/PluginProcessor.h; sourceTree = SOURCE_ROOT; };
		24FF1BFEDFF167814CA85960 /* Vibrato.cpp */ = {isa = PBXFileReference; lastKnownFileType = sourcecode.cpp.cpp; name = Vibrato.cpp; path = ../../Source/Vibrato.cpp; sourceTree = SOURCE_ROOT; };
		28145AD12E1144A3FA450E20 /* include_juce_audio_plugin_client_VST_utils.mm */ = {isa = PBXFileReference; lastKnownFileType = sourcecode.cpp.objcpp; name = include_juce_audio_plugin_client_VST_utils.mm; path = ../../JuceLibraryCode/include_juce_audio_plugin_client_VST_utils.mm; sourceTree = SOURCE_ROOT; };
		2BE641F77E9D8FC9CEFFF4AD /* include_juce_audio_plugin_client_VST2.cpp */ = {isa = PBXFileReference; lastKnownFileType = sourcecode.cpp.cpp; name = include_juce_audio_plugin_client_VST2.cpp; path = ../../JuceLibraryCode/include_juce_audio_plugin_client_VST2.cpp; sourceTree = SOURCE_ROOT; };
		36A6E833E7D5DE91F5BA45E2 /* Vibrato.h */ = {isa = PBXFileReference; lastKnownFileType = sourcecode.c.h; name = Vibrato.h; path = ../../Source/Vibrato.h; sourceTree = SOURCE_ROOT; };
		377770955BA5EE11EA8B6C8D /* CoreAudio.framework */ = {isa = PBXFileReference; lastKnownFileType = wrapper.framework; name = CoreAudio.framework; path = System/Library/Frameworks/CoreAudio.framework; sourceTree = SDKROOT; };
		3C991A8B7820D1AEB8AB4C6A /* VibratoPlugin.app */ = {isa = PBXFileReference; explicitFileType = wrapper.application; includeInIndex = 0; path = VibratoPlugin.app; sourceTree = BUILT_PRODUCTS_DIR; };
		48FC7A655C0FE8EA2B8B499D /* juce_audio_formats */ = {isa = PBXFileReference; lastKnownFileType = folder; name = juce_audio_formats; path = /Users/liuhanyu1030/Documents/JUCE/modules/juce_audio_formats; sourceTree = "<absolute>"; };
		4A186C995C2D20BE9C7B7A3A /* include_juce_audio_formats.mm */ = {isa = PBXFileReference; lastKnownFileType = sourcecode.cpp.objcpp; name = include_juce_audio_formats.mm; path = ../../JuceLibraryCode/include_juce_audio_formats.mm; sourceTree = SOURCE_ROOT; };
		4BF7DCC81CE3B1FA51E93343 /* juce_audio_plugin_client */ = {isa = PBXFileReference; lastKnownFileType = folder; name = juce_audio_plugin_client; path = /Users/liuhanyu1030/Documents/JUCE/modules/juce_audio_plugin_client; sourceTree = "<absolute>"; };
		4EDB6741510FE276254EB0C3 /* RecentFilesMenuTemplate.nib */ = {isa = PBXFileReference; lastKnownFileType = file.nib; path = RecentFilesMenuTemplate.nib; sourceTree = SOURCE_ROOT; };
		4EEE5F137BA60EF7471670BA /* AVFoundation.framework */ = {isa = PBXFileReference; lastKnownFileType = wrapper.framework; name = AVFoundation.framework; path = System/Library/Frameworks/AVFoundation.framework; sourceTree = SDKROOT; };
		503CA836FF617C31C93ACF66 /* Info-AU.plist */ = {isa = PBXFileReference; lastKnownFileType = text.plist.xml; path = "Info-AU.plist"; sourceTree = SOURCE_ROOT; };
		50A6B025FDA799FE5234A224 /* ErrorDef.h */ = {isa = PBXFileReference; lastKnownFileType = sourcecode.c.h; name = ErrorDef.h; path = ../../Source/ErrorDef.h; sourceTree = SOURCE_ROOT; };
		529CCFD47974BDE1366A1D82 /* juce_video */ = {isa = PBXFileReference; lastKnownFileType = folder; name = juce_video; path = /Users/liuhanyu1030/Documents/JUCE/modules/juce_video; sourceTree = "<absolute>"; };
		5849E3835186E3D54B38D823 /* AppConfig.h */ = {isa = PBXFileReference; lastKnownFileType = sourcecode.c.h; name = AppConfig.h; path = ../../JuceLibraryCode/AppConfig.h; sourceTree = SOURCE_ROOT; };
		5DCE5A01149D98ECE410DCDF /* juce_cryptography */ = {isa = PBXFileReference; lastKnownFileType = folder; name = juce_cryptography; path = /Users/liuhanyu1030/Documents/JUCE/modules/juce_cryptography; sourceTree = "<absolute>"; };
		5DDA0C02570789313E16B33E /* include_juce_gui_basics.mm */ = {isa = PBXFileReference; lastKnownFileType = sourcecode.cpp.objcpp; name = include_juce_gui_basics.mm; path = ../../JuceLibraryCode/include_juce_gui_basics.mm; sourceTree = SOURCE_ROOT; };
		5EDB7DF69A10B5C6A6E878F0 /* AVKit.framework */ = {isa = PBXFileReference; lastKnownFileType = wrapper.framework; name = AVKit.framework; path = System/Library/Frameworks/AVKit.framework; sourceTree = SDKROOT; };
		5FE2F3BE2C6DFA984F5EF285 /* include_juce_audio_plugin_client_AU_2.mm */ = {isa = PBXFileReference; lastKnownFileType = sourcecode.cpp.objcpp; name = include_juce_audio_plugin_client_AU_2.mm; path = ../../JuceLibraryCode/include_juce_audio_plugin_client_AU_2.mm; sourceTree = SOURCE_ROOT; };
		63DBB39C82C45E655C996E63 /* include_juce_audio_plugin_client_utils.cpp */ = {isa = PBXFileReference; lastKnownFileType = sourcecode.cpp.cpp; name = include_juce_audio_plugin_client_utils.cpp; path = ../../JuceLibraryCode/include_juce_audio_plugin_client_utils.cpp; sourceTree = SOURCE_ROOT; };
		672A69E1A79C2A7E61BBED01 /* AudioToolbox.framework */ = {isa = PBXFileReference; lastKnownFileType = wrapper.framework; name = AudioToolbox.framework; path = System/Library/Frameworks/AudioToolbox.framework; sourceTree = SDKROOT; };
		70D096110C74B98E092FB4E7 /* OpenGL.framework */ = {isa = PBXFileReference; lastKnownFileType = wrapper.framework; name = OpenGL.framework; path = System/Library/Frameworks/OpenGL.framework; sourceTree = SDKROOT; };
		74820350F7985AB237E96AC2 /* include_juce_opengl.mm */ = {isa = PBXFileReference; lastKnownFileType = sourcecode.cpp.objcpp; name = include_juce_opengl.mm; path = ../../JuceLibraryCode/include_juce_opengl.mm; sourceTree = SOURCE_ROOT; };
		7872FB8143FD96B468F045E6 /* DiscRecording.framework */ = {isa = PBXFileReference; lastKnownFileType = wrapper.framework; name = DiscRecording.framework; path = System/Library/Frameworks/DiscRecording.framework; sourceTree = SDKROOT; };
		7879C139B52BCE1AFFDFB2D6 /* juce_core */ = {isa = PBXFileReference; lastKnownFileType = folder; name = juce_core; path = /Users/liuhanyu1030/Documents/JUCE/modules/juce_core; sourceTree = "<absolute>"; };
		801B68C1388B2B334A93FA7D /* VibratoPlugin.vst */ = {isa = PBXFileReference; explicitFileType = wrapper.cfbundle; includeInIndex = 0; path = VibratoPlugin.vst; sourceTree = BUILT_PRODUCTS_DIR; };
		807DA029A24454DABE80DF33 /* juce_audio_processors */ = {isa = PBXFileReference; lastKnownFileType = folder; name = juce_audio_processors; path = /Users/liuhanyu1030/Documents/JUCE/modules/juce_audio_processors; sourceTree = "<absolute>"; };
		86A5AB6A07857774DFB6E8C4 /* Util.h */ = {isa = PBXFileReference; lastKnownFileType = sourcecode.c.h; name = Util.h; path = ../../Source/Util.h; sourceTree = SOURCE_ROOT; };
		8C43D13599C17175EBA0C356 /* include_juce_video.mm */ = {isa = PBXFileReference; lastKnownFileType = sourcecode.cpp.objcpp; name = include_juce_video.mm; path = ../../JuceLibraryCode/include_juce_video.mm; sourceTree = SOURCE_ROOT; };
		8E65DCD850C55AF69A3EE27E /* juce_audio_basics */ = {isa = PBXFileReference; lastKnownFileType = folder; name = juce_audio_basics; path = /Users/liuhanyu1030/Documents/JUCE/modules/juce_audio_basics; sourceTree = "<absolute>"; };
		8F6346C2C497B2C8E0D5C87C /* IOKit.framework */ = {isa = PBXFileReference; lastKnownFileType = wrapper.framework; name = IOKit.framework; path = System/Library/Frameworks/IOKit.framework; sourceTree = SDKROOT; };
		927899B469BC9C99599B0C5E /* Synthesis.h */ = {isa = PBXFileReference; lastKnownFileType = sourcecode.c.h; name = Synthesis.h; path = ../../Source/Synthesis.h; sourceTree = SOURCE_ROOT; };
		A2AEE8217C91362B22810249 /* libVibratoPlugin.a */ = {isa = PBXFileReference; explicitFileType = archive.ar; includeInIndex = 0; path = libVibratoPlugin.a; sourceTree = BUILT_PRODUCTS_DIR; };
		A77B490D3321231144B62DFE /* include_juce_audio_processors.mm */ = {isa = PBXFileReference; lastKnownFileType = sourcecode.cpp.objcpp; name = include_juce_audio_processors.mm; path = ../../JuceLibraryCode/include_juce_audio_processors.mm; sourceTree = SOURCE_ROOT; };
		A7BAB2C26804FDDEE493D43D /* include_juce_audio_utils.mm */ = {isa = PBXFileReference; lastKnownFileType = sourcecode.cpp.objcpp; name = include_juce_audio_utils.mm; path = ../../JuceLibraryCode/include_juce_audio_utils.mm; sourceTree = SOURCE_ROOT; };
		AAE2B24BC78C26101AB2F4F3 /* juce_audio_utils */ = {isa = PBXFileReference; lastKnownFileType = folder; name = juce_audio_utils; path = /Users/liuhanyu1030/Documents/JUCE/modules/juce_audio_utils; sourceTree = "<absolute>"; };
		B2F539D1D843795B0E7A16E9 /* include_juce_data_structures.mm */ = {isa = PBXFileReference; lastKnownFileType = sourcecode.cpp.objcpp; name = include_juce_data_structures.mm; path = ../../JuceLibraryCode/include_juce_data_structures.mm; sourceTree = SOURCE_ROOT; };
		B4EC449809DCF617D1B7226B /* include_juce_events.mm */ = {isa = PBXFileReference; lastKnownFileType = sourcecode.cpp.objcpp; name = include_juce_events.mm; path = ../../JuceLibraryCode/include_juce_events.mm; sourceTree = SOURCE_ROOT; };
		B6220593602EB0B1D434159F /* WebKit.framework */ = {isa = PBXFileReference; lastKnownFileType = wrapper.framework; name = WebKit.framework; path = System/Library/Frameworks/WebKit.framework; sourceTree = SDKROOT; };
		B8E77B9993169DB7CC8E3EAF /* VibratoPlugin.entitlements */ = {isa = PBXFileReference; lastKnownFileType = text.plist.xml; path = VibratoPlugin.entitlements; sourceTree = SOURCE_ROOT; };
		BA708C0E7BD82A45316F718C /* include_juce_audio_basics.mm */ = {isa = PBXFileReference; lastKnownFileType = sourcecode.cpp.objcpp; name = include_juce_audio_basics.mm; path = ../../JuceLibraryCode/include_juce_audio_basics.mm; sourceTree = SOURCE_ROOT; };
		CFCE6E3BB1F28554DE7AECD0 /* Info-VST.plist */ = {isa = PBXFileReference; lastKnownFileType = text.plist.xml; path = "Info-VST.plist"; sourceTree = SOURCE_ROOT; };
		D2CA26EA45BEAF1FE0621E7B /* CoreMIDI.framework */ = {isa = PBXFileReference; lastKnownFileType = wrapper.framework; name = CoreMIDI.framework; path = System/Library/Frameworks/CoreMIDI.framework; sourceTree = SDKROOT; };
		DA756EEE32BC72C9C2C700EC /* juce_opengl */ = {isa = PBXFileReference; lastKnownFileType = folder; name = juce_opengl; path = /Users/liuhanyu1030/Documents/JUCE/modules/juce_opengl; sourceTree = "<absolute>"; };
		DB3ED1776FF8CDB99BD7D1B0 /* PluginEditor.cpp */ = {isa = PBXFileReference; lastKnownFileType = sourcecode.cpp.cpp; name = PluginEditor.cpp; path = ../../Source/PluginEditor.cpp; sourceTree = SOURCE_ROOT; };
		DD4917676358F69B05417D4B /* Lfo.h */ = {isa = PBXFileReference; lastKnownFileType = sourcecode.c.h; name = Lfo.h; path = ../../Source/Lfo.h; sourceTree = SOURCE_ROOT; };
		DD8F3C31FDE34469F397A8B4 /* Info-Standalone_Plugin.plist */ = {isa = PBXFileReference; lastKnownFileType = text.plist.xml; path = "Info-Standalone_Plugin.plist"; sourceTree = SOURCE_ROOT; };
		DD9D1681637C86F800EF936C /* AudioUnit.framework */ = {isa = PBXFileReference; lastKnownFileType = wrapper.framework; name = AudioUnit.framework; path = System/Library/Frameworks/AudioUnit.framework; sourceTree = SDKROOT; };
		DEE55819ACE8AF0378E66877 /* include_juce_audio_plugin_client_AU.r */ = {isa = PBXFileReference; lastKnownFileType = file.r; name = include_juce_audio_plugin_client_AU.r; path = ../../JuceLibraryCode/include_juce_audio_plugin_client_AU.r; sourceTree = SOURCE_ROOT; };
		E0462934D8642F0FF827D0D6 /* RingBuffer.h */ = {isa = PBXFileReference; lastKnownFileType = sourcecode.c.h; name = RingBuffer.h; path = ../../Source/RingBuffer.h; sourceTree = SOURCE_ROOT; };
		E0C599FCD717E6A3F4887256 /* Cocoa.framework */ = {isa = PBXFileReference; lastKnownFileType = wrapper.framework; name = Cocoa.framework; path = System/Library/Frameworks/Cocoa.framework; sourceTree = SDKROOT; };
		E68448BCC25DBE71DFE6002A /* juce_graphics */ = {isa = PBXFileReference; lastKnownFileType = folder; name = juce_graphics; path = /Users/liuhanyu1030/Documents/JUCE/modules/juce_graphics; sourceTree = "<absolute>"; };
		F12F20A0DF5AFFA770270A81 /* VibratoPlugin.component */ = {isa = PBXFileReference; explicitFileType = wrapper.cfbundle; includeInIndex = 0; path = VibratoPlugin.component; sourceTree = BUILT_PRODUCTS_DIR; };
		F33C7E5CB469547D12487367 /* juce_data_structures */ = {isa = PBXFileReference; lastKnownFileType = folder; name = juce_data_structures; path = /Users/liuhanyu1030/Documents/JUCE/modules/juce_data_structures; sourceTree = "<absolute>"; };
		F800839F3321D7C6FEB783C3 /* include_juce_gui_extra.mm */ = {isa = PBXFileReference; lastKnownFileType = sourcecode.cpp.objcpp; name = include_juce_gui_extra.mm; path = ../../JuceLibraryCode/include_juce_gui_extra.mm; sourceTree = SOURCE_ROOT; };
		F9F233BFB4AC6B718508DFD1 /* Accelerate.framework */ = {isa = PBXFileReference; lastKnownFileType = wrapper.framework; name = Accelerate.framework; path = System/Library/Frameworks/Accelerate.framework; sourceTree = SDKROOT; };
		FDAD3C6B8EA9E0F8717B5A74 /* include_juce_cryptography.mm */ = {isa = PBXFileReference; lastKnownFileType = sourcecode.cpp.objcpp; name = include_juce_cryptography.mm; path = ../../JuceLibraryCode/include_juce_cryptography.mm; sourceTree = SOURCE_ROOT; };
		FF8C6588C20FAA68BC0F4720 /* include_juce_core.mm */ = {isa = PBXFileReference; lastKnownFileType = sourcecode.cpp.objcpp; name = include_juce_core.mm; path = ../../JuceLibraryCode/include_juce_core.mm; sourceTree = SOURCE_ROOT; };
/* End PBXFileReference section */

/* Begin PBXFrameworksBuildPhase section */
		7C60926A9095E821F978CEC6 /* Frameworks */ = {
			isa = PBXFrameworksBuildPhase;
			buildActionMask = 2147483647;
			files = (
				44C0FF832073FFB100B2D208 /* Accelerate.framework in Frameworks */,
				44C0FF842073FFB100B2D208 /* AudioToolbox.framework in Frameworks */,
				7E2E50BA3FDA769961647FB6 /* AudioUnit.framework in Frameworks */,
				44C0FF852073FFB100B2D208 /* AVFoundation.framework in Frameworks */,
				44C0FF862073FFB100B2D208 /* AVKit.framework in Frameworks */,
				44C0FF872073FFB100B2D208 /* Carbon.framework in Frameworks */,
				44C0FF882073FFB100B2D208 /* Cocoa.framework in Frameworks */,
				44C0FF892073FFB100B2D208 /* CoreAudio.framework in Frameworks */,
				1836438161C712C7FA3CC586 /* CoreAudioKit.framework in Frameworks */,
				44C0FF8A2073FFB100B2D208 /* CoreMedia.framework in Frameworks */,
				44C0FF8B2073FFB100B2D208 /* CoreMIDI.framework in Frameworks */,
				44C0FF8C2073FFB100B2D208 /* DiscRecording.framework in Frameworks */,
				44C0FF8D2073FFB100B2D208 /* IOKit.framework in Frameworks */,
				44C0FF8E2073FFB100B2D208 /* OpenGL.framework in Frameworks */,
				44C0FF8F2073FFB100B2D208 /* QuartzCore.framework in Frameworks */,
				44C0FF902073FFB100B2D208 /* WebKit.framework in Frameworks */,
			);
			runOnlyForDeploymentPostprocessing = 0;
		};
		935EAADFD311C2AF9A5476F9 /* Frameworks */ = {
			isa = PBXFrameworksBuildPhase;
			buildActionMask = 2147483647;
			files = (
				9F55582DF8932FA714C6B8E9 /* Accelerate.framework in Frameworks */,
				2EDEEA65EE84795A25CC3AA0 /* AudioToolbox.framework in Frameworks */,
				17CBC0B9D804A9E157A220E7 /* AVFoundation.framework in Frameworks */,
				7F3776E090D861BB28387247 /* AVKit.framework in Frameworks */,
				CD5CADF0F0C94117921639E5 /* Carbon.framework in Frameworks */,
				37C295425997A27E1EF4BCCE /* Cocoa.framework in Frameworks */,
				78D8B33EFC7C251278E50483 /* CoreAudio.framework in Frameworks */,
				61B0D100504B8EFE8E9933E9 /* CoreMedia.framework in Frameworks */,
				B44F13B6DE934586728A1AC9 /* CoreMIDI.framework in Frameworks */,
				9657A10D2F79060C351915A3 /* DiscRecording.framework in Frameworks */,
				EBBA7164B972E4AD1FC97DDC /* IOKit.framework in Frameworks */,
				29BE37031E2FCB6989C9D8AF /* OpenGL.framework in Frameworks */,
				DF9B5E6EF1BE43A54F34B1B8 /* QuartzCore.framework in Frameworks */,
				9395B7D22E018398517C6850 /* WebKit.framework in Frameworks */,
			);
			runOnlyForDeploymentPostprocessing = 0;
		};
		D57A8D2EE9A3A414CD293E4A /* Frameworks */ = {
			isa = PBXFrameworksBuildPhase;
			buildActionMask = 2147483647;
			files = (
				44C0FF922073FFB100B2D208 /* Accelerate.framework in Frameworks */,
				44C0FF932073FFB100B2D208 /* AudioToolbox.framework in Frameworks */,
				44C0FF942073FFB100B2D208 /* AVFoundation.framework in Frameworks */,
				44C0FF952073FFB100B2D208 /* AVKit.framework in Frameworks */,
				44C0FF962073FFB100B2D208 /* Carbon.framework in Frameworks */,
				44C0FF972073FFB100B2D208 /* Cocoa.framework in Frameworks */,
				44C0FF982073FFB100B2D208 /* CoreAudio.framework in Frameworks */,
				44C0FF992073FFB100B2D208 /* CoreMedia.framework in Frameworks */,
				44C0FF9A2073FFB100B2D208 /* CoreMIDI.framework in Frameworks */,
				44C0FF9B2073FFB100B2D208 /* DiscRecording.framework in Frameworks */,
				44C0FF9C2073FFB100B2D208 /* IOKit.framework in Frameworks */,
				44C0FF9D2073FFB100B2D208 /* OpenGL.framework in Frameworks */,
				44C0FF9E2073FFB100B2D208 /* QuartzCore.framework in Frameworks */,
				44C0FF9F2073FFB100B2D208 /* WebKit.framework in Frameworks */,
			);
			runOnlyForDeploymentPostprocessing = 0;
		};
/* End PBXFrameworksBuildPhase section */

/* Begin PBXGroup section */
		0B635710A781BA949CD5F769 /* VibratoPlugin */ = {
			isa = PBXGroup;
			children = (
				61F72363B05BE3A020FBDF8D /* Source */,
			);
			name = VibratoPlugin;
			sourceTree = "<group>";
		};
		17F80054C6ECE7068491B389 /* Frameworks */ = {
			isa = PBXGroup;
			children = (
				F9F233BFB4AC6B718508DFD1 /* Accelerate.framework */,
				672A69E1A79C2A7E61BBED01 /* AudioToolbox.framework */,
				DD9D1681637C86F800EF936C /* AudioUnit.framework */,
				4EEE5F137BA60EF7471670BA /* AVFoundation.framework */,
				5EDB7DF69A10B5C6A6E878F0 /* AVKit.framework */,
				0EC248C16BAEF283A3C290F9 /* Carbon.framework */,
				E0C599FCD717E6A3F4887256 /* Cocoa.framework */,
				377770955BA5EE11EA8B6C8D /* CoreAudio.framework */,
				1A7630870390EDC6A4076F41 /* CoreAudioKit.framework */,
				18BDBB8A7F97CE1416F1D2A7 /* CoreMedia.framework */,
				D2CA26EA45BEAF1FE0621E7B /* CoreMIDI.framework */,
				7872FB8143FD96B468F045E6 /* DiscRecording.framework */,
				8F6346C2C497B2C8E0D5C87C /* IOKit.framework */,
				70D096110C74B98E092FB4E7 /* OpenGL.framework */,
				0199E370C0F6DBFBE60537D6 /* QuartzCore.framework */,
				B6220593602EB0B1D434159F /* WebKit.framework */,
			);
			name = Frameworks;
			sourceTree = "<group>";
		};
		22B4FA52417182BE1D171DD7 /* Juce Modules */ = {
			isa = PBXGroup;
			children = (
				8E65DCD850C55AF69A3EE27E /* juce_audio_basics */,
				1A3FA658992A446F7318CDEE /* juce_audio_devices */,
				48FC7A655C0FE8EA2B8B499D /* juce_audio_formats */,
				4BF7DCC81CE3B1FA51E93343 /* juce_audio_plugin_client */,
				807DA029A24454DABE80DF33 /* juce_audio_processors */,
				AAE2B24BC78C26101AB2F4F3 /* juce_audio_utils */,
				7879C139B52BCE1AFFDFB2D6 /* juce_core */,
				5DCE5A01149D98ECE410DCDF /* juce_cryptography */,
				F33C7E5CB469547D12487367 /* juce_data_structures */,
				02AAE0DB6A1E57EBF499D13C /* juce_events */,
				E68448BCC25DBE71DFE6002A /* juce_graphics */,
				19455EF568A4D48E060B9E6C /* juce_gui_basics */,
				13E4486A7790C75572B18172 /* juce_gui_extra */,
				DA756EEE32BC72C9C2C700EC /* juce_opengl */,
				529CCFD47974BDE1366A1D82 /* juce_video */,
			);
			name = "Juce Modules";
			sourceTree = "<group>";
		};
		61F72363B05BE3A020FBDF8D /* Source */ = {
			isa = PBXGroup;
			children = (
				24FF1BFEDFF167814CA85960 /* Vibrato.cpp */,
				36A6E833E7D5DE91F5BA45E2 /* Vibrato.h */,
				DD4917676358F69B05417D4B /* Lfo.h */,
				86A5AB6A07857774DFB6E8C4 /* Util.h */,
				927899B469BC9C99599B0C5E /* Synthesis.h */,
				E0462934D8642F0FF827D0D6 /* RingBuffer.h */,
				50A6B025FDA799FE5234A224 /* ErrorDef.h */,
				155948C5F09C267B09EF3C77 /* PluginProcessor.cpp */,
				244E54F23BD87FCC7D0525F6 /* PluginProcessor.h */,
				DB3ED1776FF8CDB99BD7D1B0 /* PluginEditor.cpp */,
				23052A17250164D98977B0E9 /* PluginEditor.h */,
			);
			name = Source;
			sourceTree = "<group>";
		};
		DF4952A2704EAAC0E0EDBC1F /* Juce Library Code */ = {
			isa = PBXGroup;
			children = (
				5849E3835186E3D54B38D823 /* AppConfig.h */,
				BA708C0E7BD82A45316F718C /* include_juce_audio_basics.mm */,
				1809B73B6835059BB3359AF0 /* include_juce_audio_devices.mm */,
				4A186C995C2D20BE9C7B7A3A /* include_juce_audio_formats.mm */,
				DEE55819ACE8AF0378E66877 /* include_juce_audio_plugin_client_AU.r */,
				22285CBBC000A623AE9489F4 /* include_juce_audio_plugin_client_AU_1.mm */,
				5FE2F3BE2C6DFA984F5EF285 /* include_juce_audio_plugin_client_AU_2.mm */,
				188160BE42B976AA8A587975 /* include_juce_audio_plugin_client_Standalone.cpp */,
				63DBB39C82C45E655C996E63 /* include_juce_audio_plugin_client_utils.cpp */,
				28145AD12E1144A3FA450E20 /* include_juce_audio_plugin_client_VST_utils.mm */,
				2BE641F77E9D8FC9CEFFF4AD /* include_juce_audio_plugin_client_VST2.cpp */,
				A77B490D3321231144B62DFE /* include_juce_audio_processors.mm */,
				A7BAB2C26804FDDEE493D43D /* include_juce_audio_utils.mm */,
				FF8C6588C20FAA68BC0F4720 /* include_juce_core.mm */,
				FDAD3C6B8EA9E0F8717B5A74 /* include_juce_cryptography.mm */,
				B2F539D1D843795B0E7A16E9 /* include_juce_data_structures.mm */,
				B4EC449809DCF617D1B7226B /* include_juce_events.mm */,
				03862A8FD90B6EAE2C2F25D9 /* include_juce_graphics.mm */,
				5DDA0C02570789313E16B33E /* include_juce_gui_basics.mm */,
				F800839F3321D7C6FEB783C3 /* include_juce_gui_extra.mm */,
				74820350F7985AB237E96AC2 /* include_juce_opengl.mm */,
				8C43D13599C17175EBA0C356 /* include_juce_video.mm */,
				0B85F1B299C6BDC420B7F52C /* JuceHeader.h */,
			);
			name = "Juce Library Code";
			sourceTree = "<group>";
		};
		E0C527F57E791F2FBCBC4820 /* Resources */ = {
			isa = PBXGroup;
			children = (
				CFCE6E3BB1F28554DE7AECD0 /* Info-VST.plist */,
				503CA836FF617C31C93ACF66 /* Info-AU.plist */,
				DD8F3C31FDE34469F397A8B4 /* Info-Standalone_Plugin.plist */,
				4EDB6741510FE276254EB0C3 /* RecentFilesMenuTemplate.nib */,
			);
			name = Resources;
			sourceTree = "<group>";
		};
		EFD232402B0F511BFF41C8FA /* Source */ = {
			isa = PBXGroup;
			children = (
				B8E77B9993169DB7CC8E3EAF /* VibratoPlugin.entitlements */,
				0B635710A781BA949CD5F769 /* VibratoPlugin */,
				22B4FA52417182BE1D171DD7 /* Juce Modules */,
				DF4952A2704EAAC0E0EDBC1F /* Juce Library Code */,
				E0C527F57E791F2FBCBC4820 /* Resources */,
				17F80054C6ECE7068491B389 /* Frameworks */,
				F82B263245B8BC32467A0337 /* Products */,
			);
			name = Source;
			sourceTree = "<group>";
		};
		F82B263245B8BC32467A0337 /* Products */ = {
			isa = PBXGroup;
			children = (
				801B68C1388B2B334A93FA7D /* VibratoPlugin.vst */,
				F12F20A0DF5AFFA770270A81 /* VibratoPlugin.component */,
				3C991A8B7820D1AEB8AB4C6A /* VibratoPlugin.app */,
				A2AEE8217C91362B22810249 /* libVibratoPlugin.a */,
			);
			name = Products;
			sourceTree = "<group>";
		};
/* End PBXGroup section */

/* Begin PBXNativeTarget section */
		1EA57500BEACC9C6F77D6AD2 /* VibratoPlugin - Shared Code */ = {
			isa = PBXNativeTarget;
			buildConfigurationList = 5A3CCFAAC037B6C0A29D253C /* Build configuration list for PBXNativeTarget "VibratoPlugin - Shared Code" */;
			buildPhases = (
				0FB190F7F6B9468CFF238688 /* Sources */,
			);
			buildRules = (
			);
			dependencies = (
			);
			name = "VibratoPlugin - Shared Code";
			productName = VibratoPlugin;
			productReference = A2AEE8217C91362B22810249 /* libVibratoPlugin.a */;
			productType = "com.apple.product-type.library.static";
		};
		8AB2E1F6B56A40B98F35B2BC /* VibratoPlugin - VST */ = {
			isa = PBXNativeTarget;
			buildConfigurationList = FFA5012F6304D8579670527E /* Build configuration list for PBXNativeTarget "VibratoPlugin - VST" */;
			buildPhases = (
				6E07549AE926256A25767651 /* Resources */,
				6AB97DF4E8A6FBC02651240E /* Sources */,
				935EAADFD311C2AF9A5476F9 /* Frameworks */,
			);
			buildRules = (
			);
			dependencies = (
				E77A42172FA9120008BF41C1 /* PBXTargetDependency */,
			);
			name = "VibratoPlugin - VST";
			productName = VibratoPlugin;
			productReference = 801B68C1388B2B334A93FA7D /* VibratoPlugin.vst */;
			productType = "com.apple.product-type.bundle";
		};
		94923EF4E23FDB7C2FC7B212 /* VibratoPlugin - AU */ = {
			isa = PBXNativeTarget;
			buildConfigurationList = 37031D98C5701C30945A5DBD /* Build configuration list for PBXNativeTarget "VibratoPlugin - AU" */;
			buildPhases = (
				1F298C5FF08D827F43E16990 /* Resources */,
				65A921F93044890496C7A35F /* Rez */,
				ABA01CFA87B68EAC05143B72 /* Sources */,
				7C60926A9095E821F978CEC6 /* Frameworks */,
			);
			buildRules = (
			);
			dependencies = (
				E77A42172FA9120008BF41C1 /* PBXTargetDependency */,
			);
			name = "VibratoPlugin - AU";
			productName = VibratoPlugin;
			productReference = F12F20A0DF5AFFA770270A81 /* VibratoPlugin.component */;
			productType = "com.apple.product-type.bundle";
		};
		95DE47CA5ADB885B0FE32CB8 /* VibratoPlugin - Standalone Plugin */ = {
			isa = PBXNativeTarget;
			buildConfigurationList = 75F28453FE337A446AB25A3A /* Build configuration list for PBXNativeTarget "VibratoPlugin - Standalone Plugin" */;
			buildPhases = (
				6A1F0217F90FE762BD41EAC6 /* Resources */,
				D4B0C0FC09B0F0324A5A70DF /* Sources */,
				D57A8D2EE9A3A414CD293E4A /* Frameworks */,
			);
			buildRules = (
			);
			dependencies = (
				E77A42172FA9120008BF41C1 /* PBXTargetDependency */,
			);
			name = "VibratoPlugin - Standalone Plugin";
			productName = VibratoPlugin;
			productReference = 3C991A8B7820D1AEB8AB4C6A /* VibratoPlugin.app */;
			productType = "com.apple.product-type.application";
		};
/* End PBXNativeTarget section */

/* Begin PBXProject section */
		157965761F6D7C8FE068909D /* Project object */ = {
			isa = PBXProject;
			attributes = {
				LastUpgradeCheck = 0830;
				TargetAttributes = {
					1EA57500BEACC9C6F77D6AD2 = {
						SystemCapabilities = {
							com.apple.ApplicationGroups.iOS = {
								enabled = 0;
							};
							com.apple.InAppPurchase = {
								enabled = 0;
							};
							com.apple.InterAppAudio = {
								enabled = 0;
							};
							com.apple.Push = {
								enabled = 0;
							};
							com.apple.Sandbox = {
								enabled = 0;
							};
						};
					};
					8AB2E1F6B56A40B98F35B2BC = {
						SystemCapabilities = {
							com.apple.ApplicationGroups.iOS = {
								enabled = 0;
							};
							com.apple.InAppPurchase = {
								enabled = 0;
							};
							com.apple.InterAppAudio = {
								enabled = 0;
							};
							com.apple.Push = {
								enabled = 0;
							};
							com.apple.Sandbox = {
								enabled = 0;
							};
						};
					};
					94923EF4E23FDB7C2FC7B212 = {
						SystemCapabilities = {
							com.apple.ApplicationGroups.iOS = {
								enabled = 0;
							};
							com.apple.InAppPurchase = {
								enabled = 0;
							};
							com.apple.InterAppAudio = {
								enabled = 0;
							};
							com.apple.Push = {
								enabled = 0;
							};
							com.apple.Sandbox = {
								enabled = 0;
							};
						};
					};
					95DE47CA5ADB885B0FE32CB8 = {
						SystemCapabilities = {
							com.apple.ApplicationGroups.iOS = {
								enabled = 0;
							};
							com.apple.InAppPurchase = {
								enabled = 0;
							};
							com.apple.InterAppAudio = {
								enabled = 0;
							};
							com.apple.Push = {
								enabled = 0;
							};
							com.apple.Sandbox = {
								enabled = 0;
							};
						};
					};
					9878A35F03FF764621B55C5F = {
						SystemCapabilities = {
							com.apple.ApplicationGroups.iOS = {
								enabled = 0;
							};
							com.apple.InAppPurchase = {
								enabled = 0;
							};
							com.apple.InterAppAudio = {
								enabled = 0;
							};
							com.apple.Push = {
								enabled = 0;
							};
							com.apple.Sandbox = {
								enabled = 0;
							};
						};
					};
				};
			};
			buildConfigurationList = E0A28F5D5D080A5D6DD56914 /* Build configuration list for PBXProject "VibratoPlugin" */;
			compatibilityVersion = "Xcode 3.2";
			developmentRegion = en;
			hasScannedForEncodings = 0;
			knownRegions = (
				en,
			);
			mainGroup = EFD232402B0F511BFF41C8FA /* Source */;
			projectDirPath = "";
			projectRoot = "";
			targets = (
				9878A35F03FF764621B55C5F /* VibratoPlugin - All */,
				8AB2E1F6B56A40B98F35B2BC /* VibratoPlugin - VST */,
				94923EF4E23FDB7C2FC7B212 /* VibratoPlugin - AU */,
				95DE47CA5ADB885B0FE32CB8 /* VibratoPlugin - Standalone Plugin */,
				1EA57500BEACC9C6F77D6AD2 /* VibratoPlugin - Shared Code */,
			);
		};
/* End PBXProject section */

/* Begin PBXResourcesBuildPhase section */
		1F298C5FF08D827F43E16990 /* Resources */ = {
			isa = PBXResourcesBuildPhase;
			buildActionMask = 2147483647;
			files = (
				44C0FF822073FFB100B2D208 /* RecentFilesMenuTemplate.nib in Resources */,
			);
			runOnlyForDeploymentPostprocessing = 0;
		};
		6A1F0217F90FE762BD41EAC6 /* Resources */ = {
			isa = PBXResourcesBuildPhase;
			buildActionMask = 2147483647;
			files = (
				44C0FF912073FFB100B2D208 /* RecentFilesMenuTemplate.nib in Resources */,
			);
			runOnlyForDeploymentPostprocessing = 0;
		};
		6E07549AE926256A25767651 /* Resources */ = {
			isa = PBXResourcesBuildPhase;
			buildActionMask = 2147483647;
			files = (
				E7D057AD140A53ECFB841546 /* RecentFilesMenuTemplate.nib in Resources */,
			);
			runOnlyForDeploymentPostprocessing = 0;
		};
/* End PBXResourcesBuildPhase section */

/* Begin PBXRezBuildPhase section */
		65A921F93044890496C7A35F /* Rez */ = {
			isa = PBXRezBuildPhase;
			buildActionMask = 2147483647;
			files = (
				CD567C0EAD513FA29D2BE4D0 /* include_juce_audio_plugin_client_AU.r in Rez */,
			);
			runOnlyForDeploymentPostprocessing = 0;
		};
/* End PBXRezBuildPhase section */

/* Begin PBXSourcesBuildPhase section */
		0FB190F7F6B9468CFF238688 /* Sources */ = {
			isa = PBXSourcesBuildPhase;
			buildActionMask = 2147483647;
			files = (
				848C6D754FE963F5311D6246 /* Vibrato.cpp in Sources */,
				851DE2D2566A64D6C86B30E9 /* PluginProcessor.cpp in Sources */,
				D4E3E83FB75CBE1FE58D7DBC /* PluginEditor.cpp in Sources */,
				02C231CABDA41174F8FDF020 /* include_juce_audio_basics.mm in Sources */,
				12DD3D7DF67E7083C4C865AA /* include_juce_audio_devices.mm in Sources */,
				41F319418CC6935D49B745BB /* include_juce_audio_formats.mm in Sources */,
				D478E46E20FDB17C797E0752 /* include_juce_audio_plugin_client_utils.cpp in Sources */,
				7A6AEE43E7EADA56FD3DD621 /* include_juce_audio_plugin_client_VST_utils.mm in Sources */,
				F16DF5325DE7C3F8F9A4A577 /* include_juce_audio_processors.mm in Sources */,
				A206D782C08BF60061A643F9 /* include_juce_audio_utils.mm in Sources */,
				66461A29EC1D1F85ABD7C951 /* include_juce_core.mm in Sources */,
				3385AE517293E4B341565033 /* include_juce_cryptography.mm in Sources */,
				5574824163C11C2AD726C237 /* include_juce_data_structures.mm in Sources */,
				E87209F0C12552427714E5F1 /* include_juce_events.mm in Sources */,
				1CEC5830642C39202ED18F60 /* include_juce_graphics.mm in Sources */,
				3493B22168230080FCBCA5C7 /* include_juce_gui_basics.mm in Sources */,
				F911C07A424DF3596E29DB80 /* include_juce_gui_extra.mm in Sources */,
				81F0829219DBE17581687817 /* include_juce_opengl.mm in Sources */,
				AAD8D185717AB5CBF125414E /* include_juce_video.mm in Sources */,
			);
			runOnlyForDeploymentPostprocessing = 0;
		};
		6AB97DF4E8A6FBC02651240E /* Sources */ = {
			isa = PBXSourcesBuildPhase;
			buildActionMask = 2147483647;
			files = (
				F9E925D1849B446183A2DB1A /* include_juce_audio_plugin_client_VST2.cpp in Sources */,
			);
			runOnlyForDeploymentPostprocessing = 0;
		};
		ABA01CFA87B68EAC05143B72 /* Sources */ = {
			isa = PBXSourcesBuildPhase;
			buildActionMask = 2147483647;
			files = (
				D59C3BBBBD1B9958C46AFDAC /* include_juce_audio_plugin_client_AU_1.mm in Sources */,
				7F9E999EF4B0027C59BA8F56 /* include_juce_audio_plugin_client_AU_2.mm in Sources */,
			);
			runOnlyForDeploymentPostprocessing = 0;
		};
		D4B0C0FC09B0F0324A5A70DF /* Sources */ = {
			isa = PBXSourcesBuildPhase;
			buildActionMask = 2147483647;
			files = (
				01DC47A8DFC5C7C7BE85A96D /* include_juce_audio_plugin_client_Standalone.cpp in Sources */,
			);
			runOnlyForDeploymentPostprocessing = 0;
		};
/* End PBXSourcesBuildPhase section */

/* Begin PBXTargetDependency section */
		40FE66E6AFCE03B02F6C85BA /* PBXTargetDependency */ = {
			isa = PBXTargetDependency;
			target = 95DE47CA5ADB885B0FE32CB8 /* VibratoPlugin - Standalone Plugin */;
			targetProxy = 44C0FFA32073FFB400B2D208 /* PBXContainerItemProxy */;
		};
		5278DE2AF3BF1631E15CEFF5 /* PBXTargetDependency */ = {
			isa = PBXTargetDependency;
			target = 94923EF4E23FDB7C2FC7B212 /* VibratoPlugin - AU */;
			targetProxy = 44C0FFA22073FFB400B2D208 /* PBXContainerItemProxy */;
		};
		E77A42172FA9120008BF41C1 /* PBXTargetDependency */ = {
			isa = PBXTargetDependency;
			target = 1EA57500BEACC9C6F77D6AD2 /* VibratoPlugin - Shared Code */;
			targetProxy = 44C0FFA12073FFB400B2D208 /* PBXContainerItemProxy */;
		};
		F3708B751CC605454ED23AFF /* PBXTargetDependency */ = {
			isa = PBXTargetDependency;
			target = 8AB2E1F6B56A40B98F35B2BC /* VibratoPlugin - VST */;
			targetProxy = 44C0FFA02073FFB400B2D208 /* PBXContainerItemProxy */;
		};
/* End PBXTargetDependency section */

/* Begin XCBuildConfiguration section */
		393513F62C4EB09005188F1A /* Debug */ = {
			isa = XCBuildConfiguration;
			buildSettings = {
				CLANG_CXX_LANGUAGE_STANDARD = "c++11";
				CLANG_LINK_OBJC_RUNTIME = NO;
				COMBINE_HIDPI_IMAGES = YES;
				CONFIGURATION_BUILD_DIR = "$(PROJECT_DIR)/build/$(CONFIGURATION)";
				COPY_PHASE_STRIP = NO;
				DEPLOYMENT_LOCATION = YES;
				DSTROOT = /;
				GCC_DYNAMIC_NO_PIC = NO;
				GCC_OPTIMIZATION_LEVEL = 0;
				GCC_PREPROCESSOR_DEFINITIONS = (
					"_DEBUG=1",
					"DEBUG=1",
					"JUCER_XCODE_MAC_F6D2F4CF=1",
					"JUCE_APP_VERSION=1.0.0",
					"JUCE_APP_VERSION_HEX=0x10000",
					"JucePlugin_Build_VST=1",
					"JucePlugin_Build_VST3=0",
					"JucePlugin_Build_AU=0",
					"JucePlugin_Build_AUv3=0",
					"JucePlugin_Build_RTAS=0",
					"JucePlugin_Build_AAX=0",
					"JucePlugin_Build_Standalone=0",
				);
				GCC_VERSION = com.apple.compilers.llvm.clang.1_0;
				GENERATE_PKGINFO_FILE = YES;
				HEADER_SEARCH_PATHS = (
					../../JuceLibraryCode,
					/Users/liuhanyu1030/Documents/JUCE/modules,
					/Users/liuhanyu1030/Documents/JUCE/modules/juce_audio_plugin_client,
					"$(inherited)",
				);
				INFOPLIST_FILE = "Info-VST.plist";
				INFOPLIST_PREPROCESS = NO;
				INSTALL_PATH = "$(HOME)/Library/Audio/Plug-Ins/VST/";
				LIBRARY_STYLE = Bundle;
				MACOSX_DEPLOYMENT_TARGET = 10.11;
				MACOSX_DEPLOYMENT_TARGET_ppc = 10.4;
				OTHER_LDFLAGS = (
					"-bundle",
					"-lVibratoPlugin",
				);
				PRODUCT_BUNDLE_IDENTIFIER = com.yourcompany.VibratoPlugin;
				SDKROOT_ppc = macosx10.5;
				USE_HEADERMAP = NO;
				WRAPPER_EXTENSION = vst;
			};
			name = Debug;
		};
		3FA74E7E99982F3189C38776 /* Debug */ = {
			isa = XCBuildConfiguration;
			buildSettings = {
				ALWAYS_SEARCH_USER_PATHS = NO;
				CLANG_WARN_BLOCK_CAPTURE_AUTORELEASING = YES;
				CLANG_WARN_BOOL_CONVERSION = YES;
				CLANG_WARN_COMMA = YES;
				CLANG_WARN_CONSTANT_CONVERSION = YES;
				CLANG_WARN_EMPTY_BODY = YES;
				CLANG_WARN_ENUM_CONVERSION = YES;
				CLANG_WARN_INFINITE_RECURSION = YES;
				CLANG_WARN_INT_CONVERSION = YES;
				CLANG_WARN_NON_LITERAL_NULL_CONVERSION = YES;
				CLANG_WARN_OBJC_LITERAL_CONVERSION = YES;
				CLANG_WARN_RANGE_LOOP_ANALYSIS = YES;
				CLANG_WARN_STRICT_PROTOTYPES = YES;
				CLANG_WARN_SUSPICIOUS_MOVE = YES;
				CLANG_WARN_UNREACHABLE_CODE = YES;
				CLANG_WARN__DUPLICATE_METHOD_MATCH = YES;
				DEBUG_INFORMATION_FORMAT = dwarf;
				ENABLE_STRICT_OBJC_MSGSEND = YES;
				ENABLE_TESTABILITY = YES;
				GCC_C_LANGUAGE_STANDARD = c11;
				GCC_INLINES_ARE_PRIVATE_EXTERN = YES;
				GCC_MODEL_TUNING = G5;
				GCC_NO_COMMON_BLOCKS = YES;
				GCC_WARN_64_TO_32_BIT_CONVERSION = YES;
				GCC_WARN_ABOUT_RETURN_TYPE = YES;
				GCC_WARN_CHECK_SWITCH_STATEMENTS = YES;
				GCC_WARN_MISSING_PARENTHESES = YES;
				GCC_WARN_NON_VIRTUAL_DESTRUCTOR = YES;
				GCC_WARN_TYPECHECK_CALLS_TO_PRINTF = YES;
				GCC_WARN_UNDECLARED_SELECTOR = YES;
				GCC_WARN_UNINITIALIZED_AUTOS = YES;
				GCC_WARN_UNUSED_FUNCTION = YES;
				GCC_WARN_UNUSED_VARIABLE = YES;
				ONLY_ACTIVE_ARCH = YES;
				PRODUCT_NAME = VibratoPlugin;
				WARNING_CFLAGS = "-Wreorder";
				ZERO_LINK = NO;
			};
			name = Debug;
		};
		47595D6BB9D3AFC232ABF43F /* Release */ = {
			isa = XCBuildConfiguration;
			buildSettings = {
				ALWAYS_SEARCH_USER_PATHS = NO;
				CLANG_WARN_BLOCK_CAPTURE_AUTORELEASING = YES;
				CLANG_WARN_BOOL_CONVERSION = YES;
				CLANG_WARN_COMMA = YES;
				CLANG_WARN_CONSTANT_CONVERSION = YES;
				CLANG_WARN_EMPTY_BODY = YES;
				CLANG_WARN_ENUM_CONVERSION = YES;
				CLANG_WARN_INFINITE_RECURSION = YES;
				CLANG_WARN_INT_CONVERSION = YES;
				CLANG_WARN_NON_LITERAL_NULL_CONVERSION = YES;
				CLANG_WARN_OBJC_LITERAL_CONVERSION = YES;
				CLANG_WARN_RANGE_LOOP_ANALYSIS = YES;
				CLANG_WARN_STRICT_PROTOTYPES = YES;
				CLANG_WARN_SUSPICIOUS_MOVE = YES;
				CLANG_WARN_UNREACHABLE_CODE = YES;
				CLANG_WARN__DUPLICATE_METHOD_MATCH = YES;
				DEBUG_INFORMATION_FORMAT = dwarf;
				ENABLE_STRICT_OBJC_MSGSEND = YES;
				GCC_C_LANGUAGE_STANDARD = c11;
				GCC_INLINES_ARE_PRIVATE_EXTERN = YES;
				GCC_MODEL_TUNING = G5;
				GCC_NO_COMMON_BLOCKS = YES;
				GCC_WARN_64_TO_32_BIT_CONVERSION = YES;
				GCC_WARN_ABOUT_RETURN_TYPE = YES;
				GCC_WARN_CHECK_SWITCH_STATEMENTS = YES;
				GCC_WARN_MISSING_PARENTHESES = YES;
				GCC_WARN_NON_VIRTUAL_DESTRUCTOR = YES;
				GCC_WARN_TYPECHECK_CALLS_TO_PRINTF = YES;
				GCC_WARN_UNDECLARED_SELECTOR = YES;
				GCC_WARN_UNINITIALIZED_AUTOS = YES;
				GCC_WARN_UNUSED_FUNCTION = YES;
				GCC_WARN_UNUSED_VARIABLE = YES;
				PRODUCT_NAME = VibratoPlugin;
				WARNING_CFLAGS = "-Wreorder";
				ZERO_LINK = NO;
			};
			name = Release;
		};
		4961BA053824333723270DDF /* Release */ = {
			isa = XCBuildConfiguration;
			buildSettings = {
				CLANG_CXX_LANGUAGE_STANDARD = "c++11";
				CLANG_LINK_OBJC_RUNTIME = NO;
				COMBINE_HIDPI_IMAGES = YES;
				CONFIGURATION_BUILD_DIR = "$(PROJECT_DIR)/build/$(CONFIGURATION)";
				DEAD_CODE_STRIPPING = YES;
				GCC_GENERATE_DEBUGGING_SYMBOLS = NO;
				GCC_OPTIMIZATION_LEVEL = 3;
				GCC_PREPROCESSOR_DEFINITIONS = (
					"_NDEBUG=1",
					"NDEBUG=1",
					"JUCER_XCODE_MAC_F6D2F4CF=1",
					"JUCE_APP_VERSION=1.0.0",
					"JUCE_APP_VERSION_HEX=0x10000",
					"JucePlugin_Build_VST=0",
					"JucePlugin_Build_VST3=0",
					"JucePlugin_Build_AU=0",
					"JucePlugin_Build_AUv3=0",
					"JucePlugin_Build_RTAS=0",
					"JucePlugin_Build_AAX=0",
					"JucePlugin_Build_Standalone=1",
				);
				GCC_SYMBOLS_PRIVATE_EXTERN = YES;
				GCC_VERSION = com.apple.compilers.llvm.clang.1_0;
				HEADER_SEARCH_PATHS = (
					../../JuceLibraryCode,
					/Users/liuhanyu1030/Documents/JUCE/modules,
					/Users/liuhanyu1030/Documents/JUCE/modules/juce_audio_plugin_client,
					"$(inherited)",
				);
				INFOPLIST_FILE = "Info-Standalone_Plugin.plist";
				INFOPLIST_PREPROCESS = NO;
				LLVM_LTO = YES;
				MACOSX_DEPLOYMENT_TARGET = 10.11;
				MACOSX_DEPLOYMENT_TARGET_ppc = 10.4;
				OTHER_LDFLAGS = "-lVibratoPlugin";
				PRODUCT_BUNDLE_IDENTIFIER = com.yourcompany.VibratoPlugin;
				SDKROOT_ppc = macosx10.5;
				USE_HEADERMAP = NO;
			};
			name = Release;
		};
		4B45CF334891AECAFBBFB211 /* Debug */ = {
			isa = XCBuildConfiguration;
			buildSettings = {
				CLANG_CXX_LANGUAGE_STANDARD = "c++11";
				CLANG_LINK_OBJC_RUNTIME = NO;
				COMBINE_HIDPI_IMAGES = YES;
				CONFIGURATION_BUILD_DIR = "$(PROJECT_DIR)/build/$(CONFIGURATION)";
				COPY_PHASE_STRIP = NO;
				GCC_DYNAMIC_NO_PIC = NO;
				GCC_OPTIMIZATION_LEVEL = 0;
				GCC_PREPROCESSOR_DEFINITIONS = (
					"_DEBUG=1",
					"DEBUG=1",
					"JUCER_XCODE_MAC_F6D2F4CF=1",
					"JUCE_APP_VERSION=1.0.0",
					"JUCE_APP_VERSION_HEX=0x10000",
					"JucePlugin_Build_VST=1",
					"JucePlugin_Build_VST3=0",
					"JucePlugin_Build_AU=1",
					"JucePlugin_Build_AUv3=0",
					"JucePlugin_Build_RTAS=0",
					"JucePlugin_Build_AAX=0",
					"JucePlugin_Build_Standalone=1",
					"JUCE_SHARED_CODE=1",
				);
				GCC_VERSION = com.apple.compilers.llvm.clang.1_0;
				HEADER_SEARCH_PATHS = (
					../../JuceLibraryCode,
					/Users/liuhanyu1030/Documents/JUCE/modules,
					/Users/liuhanyu1030/Documents/JUCE/modules/juce_audio_plugin_client,
					"$(inherited)",
				);
				INSTALL_PATH = "@executable_path/../Frameworks";
				MACOSX_DEPLOYMENT_TARGET = 10.11;
				MACOSX_DEPLOYMENT_TARGET_ppc = 10.4;
				PRODUCT_BUNDLE_IDENTIFIER = com.yourcompany.VibratoPlugin;
				SDKROOT_ppc = macosx10.5;
				USE_HEADERMAP = NO;
			};
			name = Debug;
		};
		908BE963C0E4BF07543F4ADA /* Release */ = {
			isa = XCBuildConfiguration;
			buildSettings = {
				CLANG_CXX_LANGUAGE_STANDARD = "c++11";
				CLANG_LINK_OBJC_RUNTIME = NO;
				COMBINE_HIDPI_IMAGES = YES;
				CONFIGURATION_BUILD_DIR = "$(PROJECT_DIR)/build/$(CONFIGURATION)";
				DEAD_CODE_STRIPPING = YES;
				DEPLOYMENT_LOCATION = YES;
				DSTROOT = /;
				GCC_GENERATE_DEBUGGING_SYMBOLS = NO;
				GCC_OPTIMIZATION_LEVEL = 3;
				GCC_PREPROCESSOR_DEFINITIONS = (
					"_NDEBUG=1",
					"NDEBUG=1",
					"JUCER_XCODE_MAC_F6D2F4CF=1",
					"JUCE_APP_VERSION=1.0.0",
					"JUCE_APP_VERSION_HEX=0x10000",
					"JucePlugin_Build_VST=1",
					"JucePlugin_Build_VST3=0",
					"JucePlugin_Build_AU=0",
					"JucePlugin_Build_AUv3=0",
					"JucePlugin_Build_RTAS=0",
					"JucePlugin_Build_AAX=0",
					"JucePlugin_Build_Standalone=0",
				);
				GCC_SYMBOLS_PRIVATE_EXTERN = YES;
				GCC_VERSION = com.apple.compilers.llvm.clang.1_0;
				GENERATE_PKGINFO_FILE = YES;
				HEADER_SEARCH_PATHS = (
					../../JuceLibraryCode,
					/Users/liuhanyu1030/Documents/JUCE/modules,
					/Users/liuhanyu1030/Documents/JUCE/modules/juce_audio_plugin_client,
					"$(inherited)",
				);
				INFOPLIST_FILE = "Info-VST.plist";
				INFOPLIST_PREPROCESS = NO;
				INSTALL_PATH = "$(HOME)/Library/Audio/Plug-Ins/VST/";
				LIBRARY_STYLE = Bundle;
				LLVM_LTO = YES;
				MACOSX_DEPLOYMENT_TARGET = 10.11;
				MACOSX_DEPLOYMENT_TARGET_ppc = 10.4;
				OTHER_LDFLAGS = (
					"-bundle",
					"-lVibratoPlugin",
				);
				PRODUCT_BUNDLE_IDENTIFIER = com.yourcompany.VibratoPlugin;
				SDKROOT_ppc = macosx10.5;
				USE_HEADERMAP = NO;
				WRAPPER_EXTENSION = vst;
			};
			name = Release;
		};
		A1A7195165DD0E4CEFE7A1AC /* Release */ = {
			isa = XCBuildConfiguration;
			buildSettings = {
				MACOSX_DEPLOYMENT_TARGET = 10.11;
			};
			name = Release;
		};
		A36B618D29B1FB3D61C1C091 /* Debug */ = {
			isa = XCBuildConfiguration;
			buildSettings = {
				MACOSX_DEPLOYMENT_TARGET = 10.11;
			};
			name = Debug;
		};
		AA9B0148971BD215F7C6CF6E /* Release */ = {
			isa = XCBuildConfiguration;
			buildSettings = {
				CLANG_CXX_LANGUAGE_STANDARD = "c++11";
				CLANG_LINK_OBJC_RUNTIME = NO;
				COMBINE_HIDPI_IMAGES = YES;
				CONFIGURATION_BUILD_DIR = "$(PROJECT_DIR)/build/$(CONFIGURATION)";
				DEAD_CODE_STRIPPING = YES;
				GCC_GENERATE_DEBUGGING_SYMBOLS = NO;
				GCC_OPTIMIZATION_LEVEL = 3;
				GCC_PREPROCESSOR_DEFINITIONS = (
					"_NDEBUG=1",
					"NDEBUG=1",
					"JUCER_XCODE_MAC_F6D2F4CF=1",
					"JUCE_APP_VERSION=1.0.0",
					"JUCE_APP_VERSION_HEX=0x10000",
					"JucePlugin_Build_VST=1",
					"JucePlugin_Build_VST3=0",
					"JucePlugin_Build_AU=1",
					"JucePlugin_Build_AUv3=0",
					"JucePlugin_Build_RTAS=0",
					"JucePlugin_Build_AAX=0",
					"JucePlugin_Build_Standalone=1",
					"JUCE_SHARED_CODE=1",
				);
				GCC_SYMBOLS_PRIVATE_EXTERN = YES;
				GCC_VERSION = com.apple.compilers.llvm.clang.1_0;
				HEADER_SEARCH_PATHS = (
					../../JuceLibraryCode,
					/Users/liuhanyu1030/Documents/JUCE/modules,
					/Users/liuhanyu1030/Documents/JUCE/modules/juce_audio_plugin_client,
					"$(inherited)",
				);
				INSTALL_PATH = "@executable_path/../Frameworks";
				LLVM_LTO = YES;
				MACOSX_DEPLOYMENT_TARGET = 10.11;
				MACOSX_DEPLOYMENT_TARGET_ppc = 10.4;
				PRODUCT_BUNDLE_IDENTIFIER = com.yourcompany.VibratoPlugin;
				SDKROOT_ppc = macosx10.5;
				USE_HEADERMAP = NO;
			};
			name = Release;
		};
		BF4ACF561329A48345D24A24 /* Debug */ = {
			isa = XCBuildConfiguration;
			buildSettings = {
				CLANG_CXX_LANGUAGE_STANDARD = "c++11";
				CLANG_LINK_OBJC_RUNTIME = NO;
				COMBINE_HIDPI_IMAGES = YES;
				CONFIGURATION_BUILD_DIR = "$(PROJECT_DIR)/build/$(CONFIGURATION)";
				COPY_PHASE_STRIP = NO;
				GCC_DYNAMIC_NO_PIC = NO;
				GCC_OPTIMIZATION_LEVEL = 0;
				GCC_PREPROCESSOR_DEFINITIONS = (
					"_DEBUG=1",
					"DEBUG=1",
					"JUCER_XCODE_MAC_F6D2F4CF=1",
					"JUCE_APP_VERSION=1.0.0",
					"JUCE_APP_VERSION_HEX=0x10000",
					"JucePlugin_Build_VST=0",
					"JucePlugin_Build_VST3=0",
					"JucePlugin_Build_AU=0",
					"JucePlugin_Build_AUv3=0",
					"JucePlugin_Build_RTAS=0",
					"JucePlugin_Build_AAX=0",
					"JucePlugin_Build_Standalone=1",
				);
				GCC_VERSION = com.apple.compilers.llvm.clang.1_0;
				HEADER_SEARCH_PATHS = (
					../../JuceLibraryCode,
					/Users/liuhanyu1030/Documents/JUCE/modules,
					/Users/liuhanyu1030/Documents/JUCE/modules/juce_audio_plugin_client,
					"$(inherited)",
				);
				INFOPLIST_FILE = "Info-Standalone_Plugin.plist";
				INFOPLIST_PREPROCESS = NO;
				MACOSX_DEPLOYMENT_TARGET = 10.11;
				MACOSX_DEPLOYMENT_TARGET_ppc = 10.4;
				OTHER_LDFLAGS = "-lVibratoPlugin";
				PRODUCT_BUNDLE_IDENTIFIER = com.yourcompany.VibratoPlugin;
				SDKROOT_ppc = macosx10.5;
				USE_HEADERMAP = NO;
			};
			name = Debug;
		};
		DF8E73FBEC82E65EEB918A8F /* Debug */ = {
			isa = XCBuildConfiguration;
			buildSettings = {
				CLANG_CXX_LANGUAGE_STANDARD = "c++11";
				CLANG_LINK_OBJC_RUNTIME = NO;
				COMBINE_HIDPI_IMAGES = YES;
				CONFIGURATION_BUILD_DIR = "$(PROJECT_DIR)/build/$(CONFIGURATION)";
				COPY_PHASE_STRIP = NO;
				DEPLOYMENT_LOCATION = YES;
				DSTROOT = /;
				GCC_DYNAMIC_NO_PIC = NO;
				GCC_OPTIMIZATION_LEVEL = 0;
				GCC_PREPROCESSOR_DEFINITIONS = (
					"_DEBUG=1",
					"DEBUG=1",
					"JUCER_XCODE_MAC_F6D2F4CF=1",
					"JUCE_APP_VERSION=1.0.0",
					"JUCE_APP_VERSION_HEX=0x10000",
					"JucePlugin_Build_VST=0",
					"JucePlugin_Build_VST3=0",
					"JucePlugin_Build_AU=1",
					"JucePlugin_Build_AUv3=0",
					"JucePlugin_Build_RTAS=0",
					"JucePlugin_Build_AAX=0",
					"JucePlugin_Build_Standalone=0",
				);
				GCC_VERSION = com.apple.compilers.llvm.clang.1_0;
				GENERATE_PKGINFO_FILE = YES;
				HEADER_SEARCH_PATHS = (
					../../JuceLibraryCode,
					/Users/liuhanyu1030/Documents/JUCE/modules,
					/Users/liuhanyu1030/Documents/JUCE/modules/juce_audio_plugin_client,
					"$(inherited)",
				);
				INFOPLIST_FILE = "Info-AU.plist";
				INFOPLIST_PREPROCESS = NO;
				INSTALL_PATH = "$(HOME)/Library/Audio/Plug-Ins/Components/";
				LIBRARY_STYLE = Bundle;
				MACOSX_DEPLOYMENT_TARGET = 10.11;
				MACOSX_DEPLOYMENT_TARGET_ppc = 10.4;
				OTHER_LDFLAGS = (
					"-bundle",
					"-lVibratoPlugin",
				);
				OTHER_REZFLAGS = "-d ppc_$ppc -d i386_$i386 -d ppc64_$ppc64 -d x86_64_$x86_64 -I /System/Library/Frameworks/CoreServices.framework/Frameworks/CarbonCore.framework/Versions/A/Headers -I \"$(DEVELOPER_DIR)/Extras/CoreAudio/AudioUnits/AUPublic/AUBase\"";
				PRODUCT_BUNDLE_IDENTIFIER = com.yourcompany.VibratoPlugin;
				SDKROOT_ppc = macosx10.5;
				USE_HEADERMAP = NO;
				WRAPPER_EXTENSION = component;
			};
			name = Debug;
		};
		F4F5E6044D82EA0AE484C000 /* Release */ = {
			isa = XCBuildConfiguration;
			buildSettings = {
				CLANG_CXX_LANGUAGE_STANDARD = "c++11";
				CLANG_LINK_OBJC_RUNTIME = NO;
				COMBINE_HIDPI_IMAGES = YES;
				CONFIGURATION_BUILD_DIR = "$(PROJECT_DIR)/build/$(CONFIGURATION)";
				DEAD_CODE_STRIPPING = YES;
				DEPLOYMENT_LOCATION = YES;
				DSTROOT = /;
				GCC_GENERATE_DEBUGGING_SYMBOLS = NO;
				GCC_OPTIMIZATION_LEVEL = 3;
				GCC_PREPROCESSOR_DEFINITIONS = (
					"_NDEBUG=1",
					"NDEBUG=1",
					"JUCER_XCODE_MAC_F6D2F4CF=1",
					"JUCE_APP_VERSION=1.0.0",
					"JUCE_APP_VERSION_HEX=0x10000",
					"JucePlugin_Build_VST=0",
					"JucePlugin_Build_VST3=0",
					"JucePlugin_Build_AU=1",
					"JucePlugin_Build_AUv3=0",
					"JucePlugin_Build_RTAS=0",
					"JucePlugin_Build_AAX=0",
					"JucePlugin_Build_Standalone=0",
				);
				GCC_SYMBOLS_PRIVATE_EXTERN = YES;
				GCC_VERSION = com.apple.compilers.llvm.clang.1_0;
				GENERATE_PKGINFO_FILE = YES;
				HEADER_SEARCH_PATHS = (
					../../JuceLibraryCode,
					/Users/liuhanyu1030/Documents/JUCE/modules,
					/Users/liuhanyu1030/Documents/JUCE/modules/juce_audio_plugin_client,
					"$(inherited)",
				);
				INFOPLIST_FILE = "Info-AU.plist";
				INFOPLIST_PREPROCESS = NO;
				INSTALL_PATH = "$(HOME)/Library/Audio/Plug-Ins/Components/";
				LIBRARY_STYLE = Bundle;
				LLVM_LTO = YES;
				MACOSX_DEPLOYMENT_TARGET = 10.11;
				MACOSX_DEPLOYMENT_TARGET_ppc = 10.4;
				OTHER_LDFLAGS = (
					"-bundle",
					"-lVibratoPlugin",
				);
				OTHER_REZFLAGS = "-d ppc_$ppc -d i386_$i386 -d ppc64_$ppc64 -d x86_64_$x86_64 -I /System/Library/Frameworks/CoreServices.framework/Frameworks/CarbonCore.framework/Versions/A/Headers -I \"$(DEVELOPER_DIR)/Extras/CoreAudio/AudioUnits/AUPublic/AUBase\"";
				PRODUCT_BUNDLE_IDENTIFIER = com.yourcompany.VibratoPlugin;
				SDKROOT_ppc = macosx10.5;
				USE_HEADERMAP = NO;
				WRAPPER_EXTENSION = component;
			};
			name = Release;
		};
/* End XCBuildConfiguration section */

/* Begin XCConfigurationList section */
		37031D98C5701C30945A5DBD /* Build configuration list for PBXNativeTarget "VibratoPlugin - AU" */ = {
			isa = XCConfigurationList;
			buildConfigurations = (
				DF8E73FBEC82E65EEB918A8F /* Debug */,
				F4F5E6044D82EA0AE484C000 /* Release */,
			);
			defaultConfigurationIsVisible = 0;
			defaultConfigurationName = Debug;
		};
		5A3CCFAAC037B6C0A29D253C /* Build configuration list for PBXNativeTarget "VibratoPlugin - Shared Code" */ = {
			isa = XCConfigurationList;
			buildConfigurations = (
				4B45CF334891AECAFBBFB211 /* Debug */,
				AA9B0148971BD215F7C6CF6E /* Release */,
			);
			defaultConfigurationIsVisible = 0;
			defaultConfigurationName = Debug;
		};
		75F28453FE337A446AB25A3A /* Build configuration list for PBXNativeTarget "VibratoPlugin - Standalone Plugin" */ = {
			isa = XCConfigurationList;
			buildConfigurations = (
				BF4ACF561329A48345D24A24 /* Debug */,
				4961BA053824333723270DDF /* Release */,
			);
			defaultConfigurationIsVisible = 0;
			defaultConfigurationName = Debug;
		};
		9129E68948338919FBBCC757 /* Build configuration list for PBXAggregateTarget "VibratoPlugin - All" */ = {
			isa = XCConfigurationList;
			buildConfigurations = (
				A36B618D29B1FB3D61C1C091 /* Debug */,
				A1A7195165DD0E4CEFE7A1AC /* Release */,
			);
			defaultConfigurationIsVisible = 0;
			defaultConfigurationName = Debug;
		};
		E0A28F5D5D080A5D6DD56914 /* Build configuration list for PBXProject "VibratoPlugin" */ = {
			isa = XCConfigurationList;
			buildConfigurations = (
				3FA74E7E99982F3189C38776 /* Debug */,
				47595D6BB9D3AFC232ABF43F /* Release */,
			);
			defaultConfigurationIsVisible = 0;
			defaultConfigurationName = Debug;
		};
		FFA5012F6304D8579670527E /* Build configuration list for PBXNativeTarget "VibratoPlugin - VST" */ = {
			isa = XCConfigurationList;
			buildConfigurations = (
				393513F62C4EB09005188F1A /* Debug */,
				908BE963C0E4BF07543F4ADA /* Release */,
			);
			defaultConfigurationIsVisible = 0;
			defaultConfigurationName = Debug;
		};
/* End XCConfigurationList section */
	};
	rootObject = 157965761F6D7C8FE068909D /* Project object */;
}
